
Microsoft Visual Studio Solution File, Format Version 12.00
# Visual Studio 14
VisualStudioVersion = 14.0.25123.0
MinimumVisualStudioVersion = 10.0.40219.1
Project("{34616449-822D-4D2C-9A67-712D57697AFA}") = "Sitecore.Support.315409", "Sitecore.Support.315409\Sitecore.Support.315409.csproj", "{BE977777-74A2-47CD-B84A-98321931F178}"
EndProject
Global
	GlobalSection(SolutionConfigurationPlatforms) = preSolution
		Debug|Any CPU = Debug|Any CPU
		Release|Any CPU = Release|Any CPU
	EndGlobalSection
	GlobalSection(ProjectConfigurationPlatforms) = postSolution
		{BE977777-74A2-47CD-B84A-98321931F178}.Debug|Any CPU.ActiveCfg = Debug|Any CPU
		{BE977777-74A2-47CD-B84A-98321931F178}.Debug|Any CPU.Build.0 = Debug|Any CPU
		{BE977777-74A2-47CD-B84A-98321931F178}.Release|Any CPU.ActiveCfg = Release|Any CPU
		{BE977777-74A2-47CD-B84A-98321931F178}.Release|Any CPU.Build.0 = Release|Any CPU
	EndGlobalSection
	GlobalSection(SolutionProperties) = preSolution
		HideSolutionNode = FALSE
	EndGlobalSection
EndGlobal
